
Microsoft Visual Studio Solution File, Format Version 12.00
# Visual Studio Version 16
VisualStudioVersion = 16.0.30717.126
MinimumVisualStudioVersion = 10.0.40219.1
Project("{FAE04EC0-301F-11D3-BF4B-00C04F79EFBC}") = "LR13", "LR13.csproj", "{EA64EB94-FF27-40A0-B2E7-06FFE53F670E}"
EndProject
Global
	GlobalSection(SolutionConfigurationPlatforms) = preSolution
		Debug|Any CPU = Debug|Any CPU
		Release|Any CPU = Release|Any CPU
	EndGlobalSection
	GlobalSection(ProjectConfigurationPlatforms) = postSolution
		{EA64EB94-FF27-40A0-B2E7-06FFE53F670E}.Debug|Any CPU.ActiveCfg = Debug|Any CPU
		{EA64EB94-FF27-40A0-B2E7-06FFE53F670E}.Debug|Any CPU.Build.0 = Debug|Any CPU
		{EA64EB94-FF27-40A0-B2E7-06FFE53F670E}.Release|Any CPU.ActiveCfg = Release|Any CPU
		{EA64EB94-FF27-40A0-B2E7-06FFE53F670E}.Release|Any CPU.Build.0 = Release|Any CPU
	EndGlobalSection
	GlobalSection(SolutionProperties) = preSolution
		HideSolutionNode = FALSE
	EndGlobalSection
	GlobalSection(ExtensibilityGlobals) = postSolution
		SolutionGuid = {59E016A1-2C17-4666-AAA2-8B57F775017B}
	EndGlobalSection
EndGlobal
